<?xml version="1.0" encoding="utf-8"?>
<Project ToolsVersion="4.0" xmlns="http://schemas.microsoft.com/developer/msbuild/2003">
  <ItemGroup>
    <Filter Include="Исходные файлы">
      <UniqueIdentifier>{4FC737F1-C7A5-4376-A066-2A32D752A2FF}</UniqueIdentifier>
      <Extensions>cpp;c;cc;cxx;def;odl;idl;hpj;bat;asm;asmx</Extensions>
    </Filter>
    <Filter Include="Файлы заголовков">
      <UniqueIdentifier>{93995380-89BD-4b04-88EB-625FBE52EBFB}</UniqueIdentifier>
      <Extensions>h;hh;hpp;hxx;hm;inl;inc;ipp;xsd</Extensions>
    </Filter>
    <Filter Include="Файлы ресурсов">
      <UniqueIdentifier>{67DA6AB6-F800-4c08-8B7A-83BB121AAD01}</UniqueIdentifier>
      <Extensions>rc;ico;cur;bmp;dlg;rc2;rct;bin;rgs;gif;jpg;jpeg;jpe;resx;tiff;tif;png;wav;mfcribbon-ms</Extensions>
    </Filter>
    <Filter Include="Исходные файлы\Структуры">
      <UniqueIdentifier>{c81838b7-1998-4406-b70b-50ee22ac7587}</UniqueIdentifier>
    </Filter>
    <Filter Include="Файлы заголовков\Структуры">
      <UniqueIdentifier>{ae0d5129-82e8-497d-ad89-db9b740031f6}</UniqueIdentifier>
    </Filter>
    <Filter Include="Файлы заголовков\Основная логика">
      <UniqueIdentifier>{fc4460bc-2057-49d7-a882-5a25416bcc90}</UniqueIdentifier>
    </Filter>
    <Filter Include="Исходные файлы\Очень нужные функции">
      <UniqueIdentifier>{ad172d07-5e31-442d-b89a-f07e40e7e120}</UniqueIdentifier>
    </Filter>
    <Filter Include="Файлы заголовков\Очень нужные функции">
      <UniqueIdentifier>{e846c606-ce0f-4c97-a5bf-3b1ac25a0732}</UniqueIdentifier>
    </Filter>
    <Filter Include="Файлы заголовков\Ввод/Вывод">
      <UniqueIdentifier>{05423094-b559-4eb1-9049-bab4190dd8f6}</UniqueIdentifier>
    </Filter>
    <Filter Include="Исходные файлы\Ввод/Вывод">
      <UniqueIdentifier>{75ff4c67-9977-42c6-81ac-4317657e5034}</UniqueIdentifier>
    </Filter>
  </ItemGroup>
  <ItemGroup>
    <ClInclude Include="config.h">
      <Filter>Файлы заголовков</Filter>
    </ClInclude>
    <ClInclude Include="actions.h">
      <Filter>Файлы заголовков</Filter>
    </ClInclude>
    <ClInclude Include="Structures/action_struct.h">
      <Filter>Файлы заголовков\Структуры</Filter>
    </ClInclude>
    <ClInclude Include="Structures/color_struct.h">
      <Filter>Файлы заголовков\Структуры</Filter>
    </ClInclude>
    <ClInclude Include="Structures/data_type_struct.h">
      <Filter>Файлы заголовков\Структуры</Filter>
    </ClInclude>
    <ClInclude Include="Structures/container.h">
      <Filter>Файлы заголовков\Структуры</Filter>
    </ClInclude>
    <ClInclude Include="Structures/byte_union.h">
      <Filter>Файлы заголовков\Структуры</Filter>
    </ClInclude>
    <ClInclude Include="MainLogic/pseudo_record_in_memory.h">
      <Filter>Файлы заголовков\Основная логика</Filter>
    </ClInclude>
    <ClInclude Include="MainLogic/cycling_shift.h">
      <Filter>Файлы заголовков\Основная логика</Filter>
    </ClInclude>
    <ClInclude Include="MainLogic/converter.h">
      <Filter>Файлы заголовков\Основная логика</Filter>
    </ClInclude>
    <ClInclude Include="VeryImportantFuncs/symb2digit.h">
      <Filter>Файлы заголовков\Очень нужные функции</Filter>
    </ClInclude>
    <ClInclude Include="VeryImportantFuncs/console_handler.h">
      <Filter>Файлы заголовков\Очень нужные функции</Filter>
    </ClInclude>
    <ClInclude Include="InputOutput/reader_value.h">
      <Filter>Файлы заголовков\Ввод/Вывод</Filter>
    </ClInclude>
    <ClInclude Include="InputOutput/reader_options.h">
      <Filter>Файлы заголовков\Ввод/Вывод</Filter>
    </ClInclude>
    <ClInclude Include="InputOutput/reader_menus.h">
      <Filter>Файлы заголовков\Ввод/Вывод</Filter>
    </ClInclude>
    <ClInclude Include="InputOutput/reader_bits.h">
      <Filter>Файлы заголовков\Ввод/Вывод</Filter>
    </ClInclude>
    <ClInclude Include="InputOutput/drawer_menus.h">
      <Filter>Файлы заголовков\Ввод/Вывод</Filter>
    </ClInclude>
    <ClInclude Include="InputOutput/drawer_graphic.h">
      <Filter>Файлы заголовков\Ввод/Вывод</Filter>
    </ClInclude>
    <ClInclude Include="InputOutput/drawer_bits.h">
      <Filter>Файлы заголовков\Ввод/Вывод</Filter>
    </ClInclude>
    <ClInclude Include="processing.h">
      <Filter>Файлы заголовков</Filter>
    </ClInclude>
    <ClInclude Include="shift_processing.h">
      <Filter>Файлы заголовков</Filter>
    </ClInclude>
  </ItemGroup>
  <ItemGroup>
    <ClCompile Include="config.cpp">
      <Filter>Исходные файлы</Filter>
    </ClCompile>
    <ClCompile Include="main.cpp">
      <Filter>Исходные файлы</Filter>
    </ClCompile>
    <ClCompile Include="actions.cpp">
      <Filter>Исходные файлы</Filter>
    </ClCompile>
    <ClCompile Include="Structures/action_struct.cpp">
      <Filter>Исходные файлы\Структуры</Filter>
    </ClCompile>
    <ClCompile Include="Structures/color_struct.cpp">
      <Filter>Исходные файлы\Структуры</Filter>
    </ClCompile>
    <ClCompile Include="Structures/data_type_struct.cpp">
      <Filter>Исходные файлы\Структуры</Filter>
    </ClCompile>
    <ClCompile Include="VeryImportantFuncs/symb2digit.cpp">
      <Filter>Исходные файлы\Очень нужные функции</Filter>
    </ClCompile>
    <ClCompile Include="processing.cpp">
      <Filter>Исходные файлы</Filter>
    </ClCompile>
    <ClCompile Include="VeryImportantFuncs/console_handler.cpp">
      <Filter>Исходные файлы\Очень нужные функции</Filter>
    </ClCompile>
    <ClCompile Include="InputOutput/drawer_bits.cpp">
      <Filter>Исходные файлы\Ввод/Вывод</Filter>
    </ClCompile>
    <ClCompile Include="InputOutput/drawer_graphic.cpp">
      <Filter>Исходные файлы\Ввод/Вывод</Filter>
    </ClCompile>
    <ClCompile Include="InputOutput/drawer_menus.cpp">
      <Filter>Исходные файлы\Ввод/Вывод</Filter>
    </ClCompile>
    <ClCompile Include="InputOutput/reader_bits.cpp">
      <Filter>Исходные файлы\Ввод/Вывод</Filter>
    </ClCompile>
    <ClCompile Include="InputOutput/reader_menus.cpp">
      <Filter>Исходные файлы\Ввод/Вывод</Filter>
    </ClCompile>
    <ClCompile Include="InputOutput/reader_options.cpp">
      <Filter>Исходные файлы\Ввод/Вывод</Filter>
    </ClCompile>
    <ClCompile Include="InputOutput/reader_value.cpp">
      <Filter>Исходные файлы\Ввод/Вывод</Filter>
    </ClCompile>
  </ItemGroup>
</Project>